<?xml version="1.0" encoding="utf-8"?>
<Project ToolsVersion="14.0" xmlns="http://schemas.microsoft.com/developer/msbuild/2003">
  <ItemGroup>
    <Filter Include="Resources">
      <UniqueIdentifier>a73a073f-4117-49b2-a21b-8d4285370a05</UniqueIdentifier>
      <Extensions>rc;ico;cur;bmp;dlg;rc2;rct;bin;rgs;gif;jpg;jpeg;jpe;resx;tga;tiff;tif;png;wav;mfcribbon-ms</Extensions>
    </Filter>
    <Filter Include="eburc">
      <UniqueIdentifier>{136b888e-dedb-43d8-a168-0757a073bc9c}</UniqueIdentifier>
    </Filter>
    <Filter Include="eburc\Search">
      <UniqueIdentifier>{b70f69ae-357e-41b4-b0fb-2f30ec5ee842}</UniqueIdentifier>
    </Filter>
    <Filter Include="eburc\Contexts">
      <UniqueIdentifier>{34e8701f-28eb-45cb-b5d7-cf1cee7b1591}</UniqueIdentifier>
    </Filter>
    <Filter Include="eburc\Objects">
      <UniqueIdentifier>{ca54d97e-e255-47df-a6c1-bf1f37499f03}</UniqueIdentifier>
    </Filter>
    <Filter Include="eburc\Font">
      <UniqueIdentifier>{35da898c-6c9f-4347-9eef-b509047002d9}</UniqueIdentifier>
    </Filter>
    <Filter Include="eburc\Helpers">
      <UniqueIdentifier>{bf927459-b8fa-410d-b393-8cd1b27c5b70}</UniqueIdentifier>
    </Filter>
    <Filter Include="eburc\Book">
      <UniqueIdentifier>{d113cd1a-12d3-4412-a151-e7731b3cf032}</UniqueIdentifier>
    </Filter>
    <Filter Include="eburc\Subbook">
      <UniqueIdentifier>{98ae5c19-d325-4c75-bfbd-cde383b7382a}</UniqueIdentifier>
    </Filter>
    <Filter Include="eburc\Appendix">
      <UniqueIdentifier>{1c51f103-0754-4241-bd6c-5c3cbbfa74c9}</UniqueIdentifier>
    </Filter>
  </ItemGroup>
  <ItemGroup>
    <ClCompile Include="pch.cpp" />
    <ClCompile Include="eburc\EBException.cpp">
      <Filter>eburc</Filter>
    </ClCompile>
    <ClCompile Include="eburc\EBInfo.cpp">
      <Filter>eburc</Filter>
    </ClCompile>
    <ClCompile Include="eburc\Zio.cpp">
      <Filter>eburc</Filter>
    </ClCompile>
    <ClCompile Include="eburc\Appendix\EBAppendix.cpp">
      <Filter>eburc\Appendix</Filter>
    </ClCompile>
    <ClCompile Include="eburc\Appendix\EBAppendixSubbook.cpp">
      <Filter>eburc\Appendix</Filter>
    </ClCompile>
    <ClCompile Include="eburc\Appendix\EBAppendixSubbookNarrowAlt.cpp">
      <Filter>eburc\Appendix</Filter>
    </ClCompile>
    <ClCompile Include="eburc\Appendix\EBAppendixSubbookWideAlt.cpp">
      <Filter>eburc\Appendix</Filter>
    </ClCompile>
    <ClCompile Include="eburc\Objects\CharRange.cpp">
      <Filter>eburc\Objects</Filter>
    </ClCompile>
    <ClCompile Include="eburc\Contexts\EBBinaryContext.cpp">
      <Filter>eburc\Contexts</Filter>
    </ClCompile>
    <ClCompile Include="eburc\Book\EBBookText.cpp">
      <Filter>eburc\Book</Filter>
    </ClCompile>
    <ClCompile Include="eburc\Book\EBBook.cpp">
      <Filter>eburc\Book</Filter>
    </ClCompile>
    <ClCompile Include="eburc\Book\EBBookABI.cpp">
      <Filter>eburc\Book</Filter>
    </ClCompile>
    <ClCompile Include="eburc\Objects\EBAlternationCache.cpp">
      <Filter>eburc\Objects</Filter>
    </ClCompile>
    <ClCompile Include="eburc\Font\EBFont.cpp">
      <Filter>eburc\Font</Filter>
    </ClCompile>
    <ClCompile Include="eburc\Objects\EBHit.cpp">
      <Filter>eburc\Objects</Filter>
    </ClCompile>
    <ClCompile Include="eburc\Objects\EBHook.cpp">
      <Filter>eburc\Objects</Filter>
    </ClCompile>
    <ClCompile Include="eburc\Objects\EBHookSet.cpp">
      <Filter>eburc\Objects</Filter>
    </ClCompile>
    <ClCompile Include="eburc\Objects\EBHookSetInternal.cpp">
      <Filter>eburc\Objects</Filter>
    </ClCompile>
    <ClCompile Include="eburc\Objects\EBPosition.cpp">
      <Filter>eburc\Objects</Filter>
    </ClCompile>
    <ClCompile Include="eburc\Search\EBSearch.cpp">
      <Filter>eburc\Search</Filter>
    </ClCompile>
    <ClCompile Include="eburc\Subbook\EBSubbook.cpp">
      <Filter>eburc\Subbook</Filter>
    </ClCompile>
    <ClCompile Include="eburc\Subbook\EBSubbookABI.cpp">
      <Filter>eburc\Subbook</Filter>
    </ClCompile>
    <ClCompile Include="eburc\Subbook\EBSubbookExactWord.cpp">
      <Filter>eburc\Subbook</Filter>
    </ClCompile>
    <ClCompile Include="eburc\Subbook\EBSubbookFont.cpp">
      <Filter>eburc\Subbook</Filter>
    </ClCompile>
    <ClCompile Include="eburc\Subbook\EBSubbookSearch.cpp">
      <Filter>eburc\Subbook</Filter>
    </ClCompile>
    <ClCompile Include="eburc\Subbook\EBSubbookSetWord.cpp">
      <Filter>eburc\Subbook</Filter>
    </ClCompile>
    <ClCompile Include="eburc\Subbook\EBSubbookText.cpp">
      <Filter>eburc\Subbook</Filter>
    </ClCompile>
    <ClCompile Include="eburc\Font\EBNarrowFont.cpp">
      <Filter>eburc\Font</Filter>
    </ClCompile>
    <ClCompile Include="eburc\Search\EBMultiSearch.cpp">
      <Filter>eburc\Search</Filter>
    </ClCompile>
    <ClCompile Include="eburc\Helpers\EBUTF8Table.cpp">
      <Filter>eburc\Helpers</Filter>
    </ClCompile>
    <ClCompile Include="eburc\Contexts\EBTextContext.cpp">
      <Filter>eburc\Contexts</Filter>
    </ClCompile>
    <ClCompile Include="eburc\Font\EBWideFont.cpp">
      <Filter>eburc\Font</Filter>
    </ClCompile>
    <ClCompile Include="eburc\Helpers\FileName.cpp">
      <Filter>eburc\Helpers</Filter>
    </ClCompile>
    <ClCompile Include="eburc\Helpers\JACode.cpp">
      <Filter>eburc\Helpers</Filter>
    </ClCompile>
    <ClCompile Include="eburc\Search\Match.cpp">
      <Filter>eburc\Search</Filter>
    </ClCompile>
    <ClCompile Include="eburc\Helpers\Utils.cpp">
      <Filter>eburc\Helpers</Filter>
    </ClCompile>
    <ClCompile Include="eburc\Subbook\EBSubbookKeyword.cpp">
      <Filter>eburc\Subbook</Filter>
    </ClCompile>
    <ClCompile Include="eburc\Contexts\EBSearchContext.cpp">
      <Filter>eburc\Contexts</Filter>
    </ClCompile>
    <ClCompile Include="eburc\Contexts\EBContext.cpp">
      <Filter>eburc\Contexts</Filter>
    </ClCompile>
    <ClCompile Include="eburc\EBLogger.cpp">
      <Filter>eburc</Filter>
    </ClCompile>
    <ClCompile Include="eburc\Subbook\EBSubbookWord.cpp">
      <Filter>eburc\Subbook</Filter>
    </ClCompile>
    <ClCompile Include="eburc\Subbook\EBSubbookMap.cpp">
      <Filter>eburc\Subbook</Filter>
    </ClCompile>
    <ClCompile Include="eburc\Objects\EBMap.cpp">
      <Filter>eburc\Objects</Filter>
    </ClCompile>
  </ItemGroup>
  <ItemGroup>
    <ClInclude Include="pch.h" />
    <ClInclude Include="resource.h" />
    <ClInclude Include="eburc\build-post.h">
      <Filter>eburc</Filter>
    </ClInclude>
    <ClInclude Include="eburc\defs.h">
      <Filter>eburc</Filter>
    </ClInclude>
    <ClInclude Include="eburc\EBException.h">
      <Filter>eburc</Filter>
    </ClInclude>
    <ClInclude Include="eburc\EBInfo.h">
      <Filter>eburc</Filter>
    </ClInclude>
    <ClInclude Include="eburc\Zio.h">
      <Filter>eburc</Filter>
    </ClInclude>
    <ClInclude Include="eburc\Appendix\EBAppendix.h">
      <Filter>eburc\Appendix</Filter>
    </ClInclude>
    <ClInclude Include="eburc\Appendix\EBAppendixSubbook.h">
      <Filter>eburc\Appendix</Filter>
    </ClInclude>
    <ClInclude Include="eburc\Objects\CharRange.h">
      <Filter>eburc\Objects</Filter>
    </ClInclude>
    <ClInclude Include="eburc\Contexts\EBBinaryContext.h">
      <Filter>eburc\Contexts</Filter>
    </ClInclude>
    <ClInclude Include="eburc\Book\EBBook.h">
      <Filter>eburc\Book</Filter>
    </ClInclude>
    <ClInclude Include="eburc\Objects\EBAlternationCache.h">
      <Filter>eburc\Objects</Filter>
    </ClInclude>
    <ClInclude Include="eburc\Font\EBFont.h">
      <Filter>eburc\Font</Filter>
    </ClInclude>
    <ClInclude Include="eburc\Objects\EBHit.h">
      <Filter>eburc\Objects</Filter>
    </ClInclude>
    <ClInclude Include="eburc\Objects\EBHook.h">
      <Filter>eburc\Objects</Filter>
    </ClInclude>
    <ClInclude Include="eburc\Objects\EBHookSet.h">
      <Filter>eburc\Objects</Filter>
    </ClInclude>
    <ClInclude Include="eburc\Objects\EBPosition.h">
      <Filter>eburc\Objects</Filter>
    </ClInclude>
    <ClInclude Include="eburc\Search\EBSearch.h">
      <Filter>eburc\Search</Filter>
    </ClInclude>
    <ClInclude Include="eburc\Subbook\EBSubbook.h">
      <Filter>eburc\Subbook</Filter>
    </ClInclude>
    <ClInclude Include="eburc\Font\EBNarrowFont.h">
      <Filter>eburc\Font</Filter>
    </ClInclude>
    <ClInclude Include="eburc\Search\EBMultiSearch.h">
      <Filter>eburc\Search</Filter>
    </ClInclude>
    <ClInclude Include="eburc\Helpers\EBUTF8Table.h">
      <Filter>eburc\Helpers</Filter>
    </ClInclude>
    <ClInclude Include="eburc\Contexts\EBTextContext.h">
      <Filter>eburc\Contexts</Filter>
    </ClInclude>
    <ClInclude Include="eburc\Font\EBWideFont.h">
      <Filter>eburc\Font</Filter>
    </ClInclude>
    <ClInclude Include="eburc\Helpers\FileName.h">
      <Filter>eburc\Helpers</Filter>
    </ClInclude>
    <ClInclude Include="eburc\Helpers\JACode.h">
      <Filter>eburc\Helpers</Filter>
    </ClInclude>
    <ClInclude Include="eburc\Search\Match.h">
      <Filter>eburc\Search</Filter>
    </ClInclude>
    <ClInclude Include="eburc\Helpers\Utils.h">
      <Filter>eburc\Helpers</Filter>
    </ClInclude>
    <ClInclude Include="eburc\Contexts\EBSearchContext.h">
      <Filter>eburc\Contexts</Filter>
    </ClInclude>
    <ClInclude Include="eburc\Contexts\EBContext.h">
      <Filter>eburc\Contexts</Filter>
    </ClInclude>
    <ClInclude Include="eburc\EBLogger.h">
      <Filter>eburc</Filter>
    </ClInclude>
    <ClInclude Include="eburc\Objects\EBMap.h">
      <Filter>eburc\Objects</Filter>
    </ClInclude>
  </ItemGroup>
  <ItemGroup>
    <ResourceCompile Include="libeburc.rc">
      <Filter>Resources</Filter>
    </ResourceCompile>
  </ItemGroup>
</Project>