<?xml version="1.0" encoding="utf-8"?>
<Project ToolsVersion="14.0" xmlns="http://schemas.microsoft.com/developer/msbuild/2003">
  <ItemGroup>
    <Filter Include="Resources">
      <UniqueIdentifier>a73a073f-4117-49b2-a21b-8d4285370a05</UniqueIdentifier>
      <Extensions>rc;ico;cur;bmp;dlg;rc2;rct;bin;rgs;gif;jpg;jpeg;jpe;resx;tga;tiff;tif;png;wav;mfcribbon-ms</Extensions>
    </Filter>
    <Filter Include="eburc">
      <UniqueIdentifier>{1bea14b4-8439-4329-bf1c-ac9cf85035e2}</UniqueIdentifier>
    </Filter>
    <Filter Include="eburc\Contexts">
      <UniqueIdentifier>{2471c29a-194b-48c7-b1e8-89ec0042c6a4}</UniqueIdentifier>
    </Filter>
    <Filter Include="eburc\Font">
      <UniqueIdentifier>{b9aa2e31-68af-4aad-aa83-a2bd80fde6d8}</UniqueIdentifier>
    </Filter>
    <Filter Include="eburc\Helpers">
      <UniqueIdentifier>{9fe8de29-867b-478b-bafe-9f06f2c696d6}</UniqueIdentifier>
    </Filter>
    <Filter Include="eburc\Objects">
      <UniqueIdentifier>{05db2761-b50a-4357-a8f3-7fb79d437dd2}</UniqueIdentifier>
    </Filter>
    <Filter Include="eburc\Subbook">
      <UniqueIdentifier>{2ffa3147-b022-447f-9ed4-5d4759f5f720}</UniqueIdentifier>
    </Filter>
    <Filter Include="eburc\Appendix">
      <UniqueIdentifier>{ca4a9f0f-87cf-4b1e-9e13-1c3074c128ef}</UniqueIdentifier>
    </Filter>
    <Filter Include="eburc\Book">
      <UniqueIdentifier>{e7483afe-016e-4983-be57-e465af14e777}</UniqueIdentifier>
    </Filter>
  </ItemGroup>
  <ItemGroup>
    <ClCompile Include="pch.cpp" />
    <ClCompile Include="EBInfo.cpp" />
    <ClCompile Include="Zio.cpp">
      <Filter>eburc</Filter>
    </ClCompile>
    <ClCompile Include="EBException.cpp">
      <Filter>eburc</Filter>
    </ClCompile>
    <ClCompile Include="EBSearch.cpp">
      <Filter>eburc</Filter>
    </ClCompile>
    <ClCompile Include="EBMultiSearch.cpp">
      <Filter>eburc</Filter>
    </ClCompile>
    <ClCompile Include="EBSearchContext.cpp">
      <Filter>eburc\Contexts</Filter>
    </ClCompile>
    <ClCompile Include="EBBinaryContext.cpp">
      <Filter>eburc\Contexts</Filter>
    </ClCompile>
    <ClCompile Include="EBTextContext.cpp">
      <Filter>eburc\Contexts</Filter>
    </ClCompile>
    <ClCompile Include="EBFont.cpp">
      <Filter>eburc\Font</Filter>
    </ClCompile>
    <ClCompile Include="EBNarrowFont.cpp">
      <Filter>eburc\Font</Filter>
    </ClCompile>
    <ClCompile Include="EBWideFont.cpp">
      <Filter>eburc\Font</Filter>
    </ClCompile>
    <ClCompile Include="FileName.cpp">
      <Filter>eburc\Helpers</Filter>
    </ClCompile>
    <ClCompile Include="JACode.cpp">
      <Filter>eburc\Helpers</Filter>
    </ClCompile>
    <ClCompile Include="EBUTF8Table.cpp">
      <Filter>eburc\Helpers</Filter>
    </ClCompile>
    <ClCompile Include="Utils.cpp">
      <Filter>eburc\Helpers</Filter>
    </ClCompile>
    <ClCompile Include="EBPosition.cpp">
      <Filter>eburc\Objects</Filter>
    </ClCompile>
    <ClCompile Include="CharRange.cpp">
      <Filter>eburc\Objects</Filter>
    </ClCompile>
    <ClCompile Include="EBHook.cpp">
      <Filter>eburc\Objects</Filter>
    </ClCompile>
    <ClCompile Include="EBHookSet.cpp">
      <Filter>eburc\Objects</Filter>
    </ClCompile>
    <ClCompile Include="EBSubbook.cpp">
      <Filter>eburc\Subbook</Filter>
    </ClCompile>
    <ClCompile Include="EBSubbookText.cpp">
      <Filter>eburc\Subbook</Filter>
    </ClCompile>
    <ClCompile Include="EBSubbookSearch.cpp">
      <Filter>eburc\Subbook</Filter>
    </ClCompile>
    <ClCompile Include="EBSubbookFont.cpp">
      <Filter>eburc\Subbook</Filter>
    </ClCompile>
    <ClCompile Include="EBAppendix.cpp">
      <Filter>eburc\Appendix</Filter>
    </ClCompile>
    <ClCompile Include="EBAppendixSubbook.cpp">
      <Filter>eburc\Appendix</Filter>
    </ClCompile>
    <ClCompile Include="EBBook.cpp">
      <Filter>eburc\Book</Filter>
    </ClCompile>
    <ClCompile Include="EBBookText.cpp">
      <Filter>eburc\Book</Filter>
    </ClCompile>
    <ClCompile Include="EBBookABI.cpp">
      <Filter>eburc\Book</Filter>
    </ClCompile>
    <ClCompile Include="EBSubbookABI.cpp">
      <Filter>eburc\Subbook</Filter>
    </ClCompile>
    <ClCompile Include="EBAppendixSubbookWideAlt.cpp">
      <Filter>eburc\Appendix</Filter>
    </ClCompile>
    <ClCompile Include="EBAlternationCache.cpp">
      <Filter>eburc\Objects</Filter>
    </ClCompile>
    <ClCompile Include="EBAppendixSubbookNarrowAlt.cpp">
      <Filter>eburc\Appendix</Filter>
    </ClCompile>
    <ClCompile Include="EBHookSetInternal.cpp">
      <Filter>eburc\Objects</Filter>
    </ClCompile>
    <ClCompile Include="EBSubbookExactWord.cpp">
      <Filter>eburc\Subbook</Filter>
    </ClCompile>
    <ClCompile Include="EBSubbookSetWord.cpp">
      <Filter>eburc\Subbook</Filter>
    </ClCompile>
  </ItemGroup>
  <ItemGroup>
    <ClInclude Include="pch.h" />
    <ClInclude Include="resource.h" />
    <ClInclude Include="EBInfo.h" />
    <ClInclude Include="defs.h">
      <Filter>eburc</Filter>
    </ClInclude>
    <ClInclude Include="Zio.h">
      <Filter>eburc</Filter>
    </ClInclude>
    <ClInclude Include="EBException.h">
      <Filter>eburc</Filter>
    </ClInclude>
    <ClInclude Include="build-post.h">
      <Filter>eburc</Filter>
    </ClInclude>
    <ClInclude Include="EBSearch.h">
      <Filter>eburc</Filter>
    </ClInclude>
    <ClInclude Include="EBMultiSearch.h">
      <Filter>eburc</Filter>
    </ClInclude>
    <ClInclude Include="EBSearchContext.h">
      <Filter>eburc\Contexts</Filter>
    </ClInclude>
    <ClInclude Include="EBBinaryContext.h">
      <Filter>eburc\Contexts</Filter>
    </ClInclude>
    <ClInclude Include="EBTextContext.h">
      <Filter>eburc\Contexts</Filter>
    </ClInclude>
    <ClInclude Include="EBFont.h">
      <Filter>eburc\Font</Filter>
    </ClInclude>
    <ClInclude Include="EBNarrowFont.h">
      <Filter>eburc\Font</Filter>
    </ClInclude>
    <ClInclude Include="EBWideFont.h">
      <Filter>eburc\Font</Filter>
    </ClInclude>
    <ClInclude Include="JACode.h">
      <Filter>eburc\Helpers</Filter>
    </ClInclude>
    <ClInclude Include="FileName.h">
      <Filter>eburc\Helpers</Filter>
    </ClInclude>
    <ClInclude Include="EBUTF8Table.h">
      <Filter>eburc\Helpers</Filter>
    </ClInclude>
    <ClInclude Include="Utils.h">
      <Filter>eburc\Helpers</Filter>
    </ClInclude>
    <ClInclude Include="EBPosition.h">
      <Filter>eburc\Objects</Filter>
    </ClInclude>
    <ClInclude Include="CharRange.h">
      <Filter>eburc\Objects</Filter>
    </ClInclude>
    <ClInclude Include="EBHookSet.h">
      <Filter>eburc\Objects</Filter>
    </ClInclude>
    <ClInclude Include="EBHook.h">
      <Filter>eburc\Objects</Filter>
    </ClInclude>
    <ClInclude Include="EBSubbook.h">
      <Filter>eburc\Subbook</Filter>
    </ClInclude>
    <ClInclude Include="EBAppendix.h">
      <Filter>eburc\Appendix</Filter>
    </ClInclude>
    <ClInclude Include="EBAppendixSubbook.h">
      <Filter>eburc\Appendix</Filter>
    </ClInclude>
    <ClInclude Include="EBBook.h">
      <Filter>eburc\Book</Filter>
    </ClInclude>
    <ClInclude Include="EBAlternationCache.h">
      <Filter>eburc\Objects</Filter>
    </ClInclude>
  </ItemGroup>
  <ItemGroup>
    <ResourceCompile Include="libeburc.rc">
      <Filter>Resources</Filter>
    </ResourceCompile>
  </ItemGroup>
</Project>